
Microsoft Visual Studio Solution File, Format Version 12.00
# Visual Studio 15
Project("{FAE04EC0-301F-11D3-BF4B-00C04F79EFBC}") = "PruebaRepositorio", "PruebaRepositorio\PruebaRepositorio.csproj", "{FCEE5D58-E233-42C6-BF0C-07984077DC96}"
EndProject
Global
	GlobalSection(SolutionConfigurationPlatforms) = preSolution
		Debug|Any CPU = Debug|Any CPU
		Release|Any CPU = Release|Any CPU
	EndGlobalSection
	GlobalSection(ProjectConfigurationPlatforms) = postSolution
		{FCEE5D58-E233-42C6-BF0C-07984077DC96}.Debug|Any CPU.ActiveCfg = Debug|Any CPU
		{FCEE5D58-E233-42C6-BF0C-07984077DC96}.Debug|Any CPU.Build.0 = Debug|Any CPU
		{FCEE5D58-E233-42C6-BF0C-07984077DC96}.Release|Any CPU.ActiveCfg = Release|Any CPU
		{FCEE5D58-E233-42C6-BF0C-07984077DC96}.Release|Any CPU.Build.0 = Release|Any CPU
	EndGlobalSection
EndGlobal
